// !$*UTF8*$!
{
	archiveVersion = 1;
	classes = {
	};
	objectVersion = 56;
	objects = {

/* Begin PBXBuildFile section */
		7D263A002C02EF44008A8F4F /* AppDelegate.swift in Sources */ = {isa = PBXBuildFile; fileRef = 7D2639FF2C02EF44008A8F4F /* AppDelegate.swift */; };
		7D263A022C02EF44008A8F4F /* SceneDelegate.swift in Sources */ = {isa = PBXBuildFile; fileRef = 7D263A012C02EF44008A8F4F /* SceneDelegate.swift */; };
		7D263A042C02EF44008A8F4F /* ViewController.swift in Sources */ = {isa = PBXBuildFile; fileRef = 7D263A032C02EF44008A8F4F /* ViewController.swift */; };
		7D263A072C02EF44008A8F4F /* Base in Resources */ = {isa = PBXBuildFile; fileRef = 7D263A062C02EF44008A8F4F /* Base */; };
		7D263A092C02EF46008A8F4F /* Assets.xcassets in Resources */ = {isa = PBXBuildFile; fileRef = 7D263A082C02EF46008A8F4F /* Assets.xcassets */; };
		7D263A0C2C02EF46008A8F4F /* Base in Resources */ = {isa = PBXBuildFile; fileRef = 7D263A0B2C02EF46008A8F4F /* Base */; };
		7D263A152C02F12C008A8F4F /* TravelMagazineTableViewController.swift in Sources */ = {isa = PBXBuildFile; fileRef = 7D263A142C02F12C008A8F4F /* TravelMagazineTableViewController.swift */; };
		7D263A182C02F351008A8F4F /* TravelMagazineTableViewCell.swift in Sources */ = {isa = PBXBuildFile; fileRef = 7D263A172C02F351008A8F4F /* TravelMagazineTableViewCell.swift */; };
		7D263A1B2C02F5BF008A8F4F /* MagazineInfo.swift in Sources */ = {isa = PBXBuildFile; fileRef = 7D263A1A2C02F5BF008A8F4F /* MagazineInfo.swift */; };
		7D263A1E2C02FE79008A8F4F /* DateFormatter.swift in Sources */ = {isa = PBXBuildFile; fileRef = 7D263A1D2C02FE79008A8F4F /* DateFormatter.swift */; };
		7D263A212C03033B008A8F4F /* Kingfisher in Frameworks */ = {isa = PBXBuildFile; productRef = 7D263A202C03033B008A8F4F /* Kingfisher */; };
		7D263A232C0304B6008A8F4F /* ImageManager.swift in Sources */ = {isa = PBXBuildFile; fileRef = 7D263A222C0304B6008A8F4F /* ImageManager.swift */; };
		7D263A252C030EB9008A8F4F /* Restaurant.swift in Sources */ = {isa = PBXBuildFile; fileRef = 7D263A242C030EB9008A8F4F /* Restaurant.swift */; };
		7D263A292C0311B2008A8F4F /* RestaurantTableViewController.swift in Sources */ = {isa = PBXBuildFile; fileRef = 7D263A282C0311B2008A8F4F /* RestaurantTableViewController.swift */; };
		7D263A2B2C0311D7008A8F4F /* RestaurantTableViewCell.swift in Sources */ = {isa = PBXBuildFile; fileRef = 7D263A2A2C0311D7008A8F4F /* RestaurantTableViewCell.swift */; };
		7D263A5D2C047674008A8F4F /* TravelModel.swift in Sources */ = {isa = PBXBuildFile; fileRef = 7D263A5C2C047674008A8F4F /* TravelModel.swift */; };
		7D263A602C0478F9008A8F4F /* TravelListViewController.swift in Sources */ = {isa = PBXBuildFile; fileRef = 7D263A5F2C0478F9008A8F4F /* TravelListViewController.swift */; };
		7D263A632C04795D008A8F4F /* TravelListTableViewCell.xib in Resources */ = {isa = PBXBuildFile; fileRef = 7D263A622C04795D008A8F4F /* TravelListTableViewCell.xib */; };
		7D263A642C04795D008A8F4F /* TravelListTableViewCell.swift in Sources */ = {isa = PBXBuildFile; fileRef = 7D263A612C04795D008A8F4F /* TravelListTableViewCell.swift */; };
		7D263A662C047E14008A8F4F /* UILabel+Extension.swift in Sources */ = {isa = PBXBuildFile; fileRef = 7D263A652C047E14008A8F4F /* UILabel+Extension.swift */; };
		7D263A692C0480C7008A8F4F /* TravelAdvertisementTableViewCell.xib in Resources */ = {isa = PBXBuildFile; fileRef = 7D263A682C0480C7008A8F4F /* TravelAdvertisementTableViewCell.xib */; };
		7D263A6A2C0480C7008A8F4F /* TravelAdvertisementTableViewCell.swift in Sources */ = {isa = PBXBuildFile; fileRef = 7D263A672C0480C7008A8F4F /* TravelAdvertisementTableViewCell.swift */; };
		7D263A6D2C049978008A8F4F /* Cosmos in Frameworks */ = {isa = PBXBuildFile; productRef = 7D263A6C2C049978008A8F4F /* Cosmos */; };
		7D263ABA2C071692008A8F4F /* TravelArea.storyboard in Resources */ = {isa = PBXBuildFile; fileRef = 7D263AB92C071692008A8F4F /* TravelArea.storyboard */; };
		7D263ABD2C0717C6008A8F4F /* TravelAreaDetailViewController.swift in Sources */ = {isa = PBXBuildFile; fileRef = 7D263ABC2C0717C6008A8F4F /* TravelAreaDetailViewController.swift */; };
		7D263ABF2C071871008A8F4F /* TravelAreaAdvertisementViewController.swift in Sources */ = {isa = PBXBuildFile; fileRef = 7D263ABE2C071871008A8F4F /* TravelAreaAdvertisementViewController.swift */; };
		7D263AC22C071A12008A8F4F /* Namespace.swift in Sources */ = {isa = PBXBuildFile; fileRef = 7D263AC12C071A12008A8F4F /* Namespace.swift */; };
		7D263AC42C0724E8008A8F4F /* CityInfo.swift in Sources */ = {isa = PBXBuildFile; fileRef = 7D263AC32C0724E8008A8F4F /* CityInfo.swift */; };
		7D263AC72C072569008A8F4F /* CityInformationListViewController.swift in Sources */ = {isa = PBXBuildFile; fileRef = 7D263AC62C072569008A8F4F /* CityInformationListViewController.swift */; };
		7D263ACC2C072971008A8F4F /* CityInformationListTableViewCell.xib in Resources */ = {isa = PBXBuildFile; fileRef = 7D263ACB2C072971008A8F4F /* CityInformationListTableViewCell.xib */; };
		7D263ACD2C072971008A8F4F /* CityInformationListTableViewCell.swift in Sources */ = {isa = PBXBuildFile; fileRef = 7D263ACA2C072971008A8F4F /* CityInformationListTableViewCell.swift */; };
		7D3A8BF52C073944008BFE32 /* UIImageView+Extension.swift in Sources */ = {isa = PBXBuildFile; fileRef = 7D3A8BF42C073944008BFE32 /* UIImageView+Extension.swift */; };
/* End PBXBuildFile section */

/* Begin PBXFileReference section */
		7D2639FC2C02EF44008A8F4F /* TravelPlatform.app */ = {isa = PBXFileReference; explicitFileType = wrapper.application; includeInIndex = 0; path = TravelPlatform.app; sourceTree = BUILT_PRODUCTS_DIR; };
		7D2639FF2C02EF44008A8F4F /* AppDelegate.swift */ = {isa = PBXFileReference; lastKnownFileType = sourcecode.swift; path = AppDelegate.swift; sourceTree = "<group>"; };
		7D263A012C02EF44008A8F4F /* SceneDelegate.swift */ = {isa = PBXFileReference; lastKnownFileType = sourcecode.swift; path = SceneDelegate.swift; sourceTree = "<group>"; };
		7D263A032C02EF44008A8F4F /* ViewController.swift */ = {isa = PBXFileReference; lastKnownFileType = sourcecode.swift; path = ViewController.swift; sourceTree = "<group>"; };
		7D263A062C02EF44008A8F4F /* Base */ = {isa = PBXFileReference; lastKnownFileType = file.storyboard; name = Base; path = Base.lproj/Main.storyboard; sourceTree = "<group>"; };
		7D263A082C02EF46008A8F4F /* Assets.xcassets */ = {isa = PBXFileReference; lastKnownFileType = folder.assetcatalog; path = Assets.xcassets; sourceTree = "<group>"; };
		7D263A0B2C02EF46008A8F4F /* Base */ = {isa = PBXFileReference; lastKnownFileType = file.storyboard; name = Base; path = Base.lproj/LaunchScreen.storyboard; sourceTree = "<group>"; };
		7D263A0D2C02EF46008A8F4F /* Info.plist */ = {isa = PBXFileReference; lastKnownFileType = text.plist.xml; path = Info.plist; sourceTree = "<group>"; };
		7D263A142C02F12C008A8F4F /* TravelMagazineTableViewController.swift */ = {isa = PBXFileReference; lastKnownFileType = sourcecode.swift; path = TravelMagazineTableViewController.swift; sourceTree = "<group>"; };
		7D263A172C02F351008A8F4F /* TravelMagazineTableViewCell.swift */ = {isa = PBXFileReference; lastKnownFileType = sourcecode.swift; path = TravelMagazineTableViewCell.swift; sourceTree = "<group>"; };
		7D263A1A2C02F5BF008A8F4F /* MagazineInfo.swift */ = {isa = PBXFileReference; lastKnownFileType = sourcecode.swift; path = MagazineInfo.swift; sourceTree = "<group>"; };
		7D263A1D2C02FE79008A8F4F /* DateFormatter.swift */ = {isa = PBXFileReference; lastKnownFileType = sourcecode.swift; path = DateFormatter.swift; sourceTree = "<group>"; };
		7D263A222C0304B6008A8F4F /* ImageManager.swift */ = {isa = PBXFileReference; lastKnownFileType = sourcecode.swift; path = ImageManager.swift; sourceTree = "<group>"; };
		7D263A242C030EB9008A8F4F /* Restaurant.swift */ = {isa = PBXFileReference; lastKnownFileType = sourcecode.swift; path = Restaurant.swift; sourceTree = "<group>"; };
		7D263A282C0311B2008A8F4F /* RestaurantTableViewController.swift */ = {isa = PBXFileReference; lastKnownFileType = sourcecode.swift; path = RestaurantTableViewController.swift; sourceTree = "<group>"; };
		7D263A2A2C0311D7008A8F4F /* RestaurantTableViewCell.swift */ = {isa = PBXFileReference; lastKnownFileType = sourcecode.swift; path = RestaurantTableViewCell.swift; sourceTree = "<group>"; };
		7D263A5C2C047674008A8F4F /* TravelModel.swift */ = {isa = PBXFileReference; fileEncoding = 4; lastKnownFileType = sourcecode.swift; path = TravelModel.swift; sourceTree = "<group>"; };
		7D263A5F2C0478F9008A8F4F /* TravelListViewController.swift */ = {isa = PBXFileReference; lastKnownFileType = sourcecode.swift; path = TravelListViewController.swift; sourceTree = "<group>"; };
		7D263A612C04795D008A8F4F /* TravelListTableViewCell.swift */ = {isa = PBXFileReference; lastKnownFileType = sourcecode.swift; path = TravelListTableViewCell.swift; sourceTree = "<group>"; };
		7D263A622C04795D008A8F4F /* TravelListTableViewCell.xib */ = {isa = PBXFileReference; lastKnownFileType = file.xib; path = TravelListTableViewCell.xib; sourceTree = "<group>"; };
		7D263A652C047E14008A8F4F /* UILabel+Extension.swift */ = {isa = PBXFileReference; lastKnownFileType = sourcecode.swift; path = "UILabel+Extension.swift"; sourceTree = "<group>"; };
		7D263A672C0480C7008A8F4F /* TravelAdvertisementTableViewCell.swift */ = {isa = PBXFileReference; lastKnownFileType = sourcecode.swift; path = TravelAdvertisementTableViewCell.swift; sourceTree = "<group>"; };
		7D263A682C0480C7008A8F4F /* TravelAdvertisementTableViewCell.xib */ = {isa = PBXFileReference; lastKnownFileType = file.xib; path = TravelAdvertisementTableViewCell.xib; sourceTree = "<group>"; };
		7D263AB92C071692008A8F4F /* TravelArea.storyboard */ = {isa = PBXFileReference; lastKnownFileType = file.storyboard; path = TravelArea.storyboard; sourceTree = "<group>"; };
		7D263ABC2C0717C6008A8F4F /* TravelAreaDetailViewController.swift */ = {isa = PBXFileReference; lastKnownFileType = sourcecode.swift; path = TravelAreaDetailViewController.swift; sourceTree = "<group>"; };
		7D263ABE2C071871008A8F4F /* TravelAreaAdvertisementViewController.swift */ = {isa = PBXFileReference; lastKnownFileType = sourcecode.swift; path = TravelAreaAdvertisementViewController.swift; sourceTree = "<group>"; };
		7D263AC12C071A12008A8F4F /* Namespace.swift */ = {isa = PBXFileReference; lastKnownFileType = sourcecode.swift; path = Namespace.swift; sourceTree = "<group>"; };
		7D263AC32C0724E8008A8F4F /* CityInfo.swift */ = {isa = PBXFileReference; fileEncoding = 4; lastKnownFileType = sourcecode.swift; name = CityInfo.swift; path = "../../../../강의자료/CityInfo.swift"; sourceTree = "<group>"; };
		7D263AC62C072569008A8F4F /* CityInformationListViewController.swift */ = {isa = PBXFileReference; lastKnownFileType = sourcecode.swift; path = CityInformationListViewController.swift; sourceTree = "<group>"; };
		7D263ACA2C072971008A8F4F /* CityInformationListTableViewCell.swift */ = {isa = PBXFileReference; lastKnownFileType = sourcecode.swift; path = CityInformationListTableViewCell.swift; sourceTree = "<group>"; };
		7D263ACB2C072971008A8F4F /* CityInformationListTableViewCell.xib */ = {isa = PBXFileReference; lastKnownFileType = file.xib; path = CityInformationListTableViewCell.xib; sourceTree = "<group>"; };
		7D3A8BF42C073944008BFE32 /* UIImageView+Extension.swift */ = {isa = PBXFileReference; lastKnownFileType = sourcecode.swift; path = "UIImageView+Extension.swift"; sourceTree = "<group>"; };
/* End PBXFileReference section */

/* Begin PBXFrameworksBuildPhase section */
		7D2639F92C02EF44008A8F4F /* Frameworks */ = {
			isa = PBXFrameworksBuildPhase;
			buildActionMask = 2147483647;
			files = (
				7D263A6D2C049978008A8F4F /* Cosmos in Frameworks */,
				7D263A212C03033B008A8F4F /* Kingfisher in Frameworks */,
			);
			runOnlyForDeploymentPostprocessing = 0;
		};
/* End PBXFrameworksBuildPhase section */

/* Begin PBXGroup section */
		7D2639F32C02EF44008A8F4F = {
			isa = PBXGroup;
			children = (
				7D2639FE2C02EF44008A8F4F /* TravelPlatform */,
				7D2639FD2C02EF44008A8F4F /* Products */,
			);
			sourceTree = "<group>";
		};
		7D2639FD2C02EF44008A8F4F /* Products */ = {
			isa = PBXGroup;
			children = (
				7D2639FC2C02EF44008A8F4F /* TravelPlatform.app */,
			);
			name = Products;
			sourceTree = "<group>";
		};
		7D2639FE2C02EF44008A8F4F /* TravelPlatform */ = {
			isa = PBXGroup;
			children = (
				7D263AC02C071A00008A8F4F /* Common */,
				7D263AB82C071677008A8F4F /* Storyboard */,
				7D263AB02C0712AC008A8F4F /* Pages */,
				7D263A1C2C02FE66008A8F4F /* Extension */,
				7D263A192C02F58C008A8F4F /* Data */,
				7D2639FF2C02EF44008A8F4F /* AppDelegate.swift */,
				7D263A012C02EF44008A8F4F /* SceneDelegate.swift */,
				7D263A032C02EF44008A8F4F /* ViewController.swift */,
				7D263A082C02EF46008A8F4F /* Assets.xcassets */,
				7D263A0A2C02EF46008A8F4F /* LaunchScreen.storyboard */,
				7D263A0D2C02EF46008A8F4F /* Info.plist */,
			);
			path = TravelPlatform;
			sourceTree = "<group>";
		};
		7D263A132C02F0DE008A8F4F /* TableVIewControllers */ = {
			isa = PBXGroup;
			children = (
				7D263A142C02F12C008A8F4F /* TravelMagazineTableViewController.swift */,
			);
			path = TableVIewControllers;
			sourceTree = "<group>";
		};
		7D263A192C02F58C008A8F4F /* Data */ = {
			isa = PBXGroup;
			children = (
				7D263AC32C0724E8008A8F4F /* CityInfo.swift */,
				7D263A5C2C047674008A8F4F /* TravelModel.swift */,
				7D263A1A2C02F5BF008A8F4F /* MagazineInfo.swift */,
				7D263A222C0304B6008A8F4F /* ImageManager.swift */,
				7D263A242C030EB9008A8F4F /* Restaurant.swift */,
			);
			path = Data;
			sourceTree = "<group>";
		};
		7D263A1C2C02FE66008A8F4F /* Extension */ = {
			isa = PBXGroup;
			children = (
				7D263A1D2C02FE79008A8F4F /* DateFormatter.swift */,
				7D263A652C047E14008A8F4F /* UILabel+Extension.swift */,
				7D3A8BF42C073944008BFE32 /* UIImageView+Extension.swift */,
			);
			path = Extension;
			sourceTree = "<group>";
		};
		7D263A5E2C0478C8008A8F4F /* ViewController */ = {
			isa = PBXGroup;
			children = (
				7D263A5F2C0478F9008A8F4F /* TravelListViewController.swift */,
			);
			path = ViewController;
			sourceTree = "<group>";
		};
		7D263AB02C0712AC008A8F4F /* Pages */ = {
			isa = PBXGroup;
			children = (
				7D263AC52C07253C008A8F4F /* CityInformationList */,
				7D263AB72C07159E008A8F4F /* TravelAreaDetail */,
				7D263AB42C071439008A8F4F /* TravelAreaList */,
				7D263AB22C0713CE008A8F4F /* Restaurant */,
				7D263AB12C0713BE008A8F4F /* TravelMagazine */,
			);
			path = Pages;
			sourceTree = "<group>";
		};
		7D263AB12C0713BE008A8F4F /* TravelMagazine */ = {
			isa = PBXGroup;
			children = (
				7D263AB32C0713FE008A8F4F /* TableViewCells */,
				7D263A132C02F0DE008A8F4F /* TableVIewControllers */,
			);
			path = TravelMagazine;
			sourceTree = "<group>";
		};
		7D263AB22C0713CE008A8F4F /* Restaurant */ = {
			isa = PBXGroup;
			children = (
				7D263A2A2C0311D7008A8F4F /* RestaurantTableViewCell.swift */,
				7D263A282C0311B2008A8F4F /* RestaurantTableViewController.swift */,
			);
			path = Restaurant;
			sourceTree = "<group>";
		};
		7D263AB32C0713FE008A8F4F /* TableViewCells */ = {
			isa = PBXGroup;
			children = (
				7D263A172C02F351008A8F4F /* TravelMagazineTableViewCell.swift */,
			);
			path = TableViewCells;
			sourceTree = "<group>";
		};
		7D263AB42C071439008A8F4F /* TravelAreaList */ = {
			isa = PBXGroup;
			children = (
				7D263A5E2C0478C8008A8F4F /* ViewController */,
				7D263AB62C071453008A8F4F /* TableViewCells */,
			);
			path = TravelAreaList;
			sourceTree = "<group>";
		};
		7D263AB62C071453008A8F4F /* TableViewCells */ = {
			isa = PBXGroup;
			children = (
				7D263A612C04795D008A8F4F /* TravelListTableViewCell.swift */,
				7D263A622C04795D008A8F4F /* TravelListTableViewCell.xib */,
				7D263A672C0480C7008A8F4F /* TravelAdvertisementTableViewCell.swift */,
				7D263A682C0480C7008A8F4F /* TravelAdvertisementTableViewCell.xib */,
			);
			path = TableViewCells;
			sourceTree = "<group>";
		};
		7D263AB72C07159E008A8F4F /* TravelAreaDetail */ = {
			isa = PBXGroup;
			children = (
				7D263ABB2C0717A7008A8F4F /* ViewControllers */,
			);
			path = TravelAreaDetail;
			sourceTree = "<group>";
		};
		7D263AB82C071677008A8F4F /* Storyboard */ = {
			isa = PBXGroup;
			children = (
				7D263A052C02EF44008A8F4F /* Main.storyboard */,
				7D263AB92C071692008A8F4F /* TravelArea.storyboard */,
			);
			path = Storyboard;
			sourceTree = "<group>";
		};
		7D263ABB2C0717A7008A8F4F /* ViewControllers */ = {
			isa = PBXGroup;
			children = (
				7D263ABC2C0717C6008A8F4F /* TravelAreaDetailViewController.swift */,
				7D263ABE2C071871008A8F4F /* TravelAreaAdvertisementViewController.swift */,
			);
			path = ViewControllers;
			sourceTree = "<group>";
		};
		7D263AC02C071A00008A8F4F /* Common */ = {
			isa = PBXGroup;
			children = (
				7D263AC12C071A12008A8F4F /* Namespace.swift */,
			);
			path = Common;
			sourceTree = "<group>";
		};
		7D263AC52C07253C008A8F4F /* CityInformationList */ = {
			isa = PBXGroup;
			children = (
				7D263AC92C072950008A8F4F /* TableViewCell */,
				7D263AC82C072944008A8F4F /* ViewController */,
			);
			path = CityInformationList;
			sourceTree = "<group>";
		};
		7D263AC82C072944008A8F4F /* ViewController */ = {
			isa = PBXGroup;
			children = (
				7D263AC62C072569008A8F4F /* CityInformationListViewController.swift */,
			);
			path = ViewController;
			sourceTree = "<group>";
		};
		7D263AC92C072950008A8F4F /* TableViewCell */ = {
			isa = PBXGroup;
			children = (
				7D263ACA2C072971008A8F4F /* CityInformationListTableViewCell.swift */,
				7D263ACB2C072971008A8F4F /* CityInformationListTableViewCell.xib */,
			);
			path = TableViewCell;
			sourceTree = "<group>";
		};
/* End PBXGroup section */

/* Begin PBXNativeTarget section */
		7D2639FB2C02EF44008A8F4F /* TravelPlatform */ = {
			isa = PBXNativeTarget;
			buildConfigurationList = 7D263A102C02EF46008A8F4F /* Build configuration list for PBXNativeTarget "TravelPlatform" */;
			buildPhases = (
				7D2639F82C02EF44008A8F4F /* Sources */,
				7D2639F92C02EF44008A8F4F /* Frameworks */,
				7D2639FA2C02EF44008A8F4F /* Resources */,
			);
			buildRules = (
			);
			dependencies = (
			);
			name = TravelPlatform;
			packageProductDependencies = (
				7D263A202C03033B008A8F4F /* Kingfisher */,
				7D263A6C2C049978008A8F4F /* Cosmos */,
			);
			productName = TravelPlatform;
			productReference = 7D2639FC2C02EF44008A8F4F /* TravelPlatform.app */;
			productType = "com.apple.product-type.application";
		};
/* End PBXNativeTarget section */

/* Begin PBXProject section */
		7D2639F42C02EF44008A8F4F /* Project object */ = {
			isa = PBXProject;
			attributes = {
				BuildIndependentTargetsInParallel = 1;
				LastSwiftUpdateCheck = 1530;
				LastUpgradeCheck = 1530;
				TargetAttributes = {
					7D2639FB2C02EF44008A8F4F = {
						CreatedOnToolsVersion = 15.3;
					};
				};
			};
			buildConfigurationList = 7D2639F72C02EF44008A8F4F /* Build configuration list for PBXProject "TravelPlatform" */;
			compatibilityVersion = "Xcode 14.0";
			developmentRegion = en;
			hasScannedForEncodings = 0;
			knownRegions = (
				en,
				Base,
			);
			mainGroup = 7D2639F32C02EF44008A8F4F;
			packageReferences = (
				7D263A1F2C03033B008A8F4F /* XCRemoteSwiftPackageReference "Kingfisher" */,
				7D263A6B2C049978008A8F4F /* XCRemoteSwiftPackageReference "Cosmos" */,
			);
			productRefGroup = 7D2639FD2C02EF44008A8F4F /* Products */;
			projectDirPath = "";
			projectRoot = "";
			targets = (
				7D2639FB2C02EF44008A8F4F /* TravelPlatform */,
			);
		};
/* End PBXProject section */

/* Begin PBXResourcesBuildPhase section */
		7D2639FA2C02EF44008A8F4F /* Resources */ = {
			isa = PBXResourcesBuildPhase;
			buildActionMask = 2147483647;
			files = (
				7D263A092C02EF46008A8F4F /* Assets.xcassets in Resources */,
				7D263A632C04795D008A8F4F /* TravelListTableViewCell.xib in Resources */,
				7D263A0C2C02EF46008A8F4F /* Base in Resources */,
				7D263A692C0480C7008A8F4F /* TravelAdvertisementTableViewCell.xib in Resources */,
				7D263ACC2C072971008A8F4F /* CityInformationListTableViewCell.xib in Resources */,
				7D263A072C02EF44008A8F4F /* Base in Resources */,
				7D263ABA2C071692008A8F4F /* TravelArea.storyboard in Resources */,
			);
			runOnlyForDeploymentPostprocessing = 0;
		};
/* End PBXResourcesBuildPhase section */

/* Begin PBXSourcesBuildPhase section */
		7D2639F82C02EF44008A8F4F /* Sources */ = {
			isa = PBXSourcesBuildPhase;
			buildActionMask = 2147483647;
			files = (
				7D263A042C02EF44008A8F4F /* ViewController.swift in Sources */,
				7D263A182C02F351008A8F4F /* TravelMagazineTableViewCell.swift in Sources */,
				7D263AC42C0724E8008A8F4F /* CityInfo.swift in Sources */,
				7D263A662C047E14008A8F4F /* UILabel+Extension.swift in Sources */,
				7D3A8BF52C073944008BFE32 /* UIImageView+Extension.swift in Sources */,
				7D263A292C0311B2008A8F4F /* RestaurantTableViewController.swift in Sources */,
				7D263A5D2C047674008A8F4F /* TravelModel.swift in Sources */,
				7D263ABF2C071871008A8F4F /* TravelAreaAdvertisementViewController.swift in Sources */,
				7D263AC72C072569008A8F4F /* CityInformationListViewController.swift in Sources */,
				7D263A2B2C0311D7008A8F4F /* RestaurantTableViewCell.swift in Sources */,
				7D263A002C02EF44008A8F4F /* AppDelegate.swift in Sources */,
				7D263AC22C071A12008A8F4F /* Namespace.swift in Sources */,
				7D263A232C0304B6008A8F4F /* ImageManager.swift in Sources */,
				7D263A642C04795D008A8F4F /* TravelListTableViewCell.swift in Sources */,
				7D263ACD2C072971008A8F4F /* CityInformationListTableViewCell.swift in Sources */,
				7D263A1E2C02FE79008A8F4F /* DateFormatter.swift in Sources */,
				7D263A022C02EF44008A8F4F /* SceneDelegate.swift in Sources */,
				7D263A152C02F12C008A8F4F /* TravelMagazineTableViewController.swift in Sources */,
				7D263A1B2C02F5BF008A8F4F /* MagazineInfo.swift in Sources */,
				7D263A6A2C0480C7008A8F4F /* TravelAdvertisementTableViewCell.swift in Sources */,
				7D263ABD2C0717C6008A8F4F /* TravelAreaDetailViewController.swift in Sources */,
				7D263A252C030EB9008A8F4F /* Restaurant.swift in Sources */,
				7D263A602C0478F9008A8F4F /* TravelListViewController.swift in Sources */,
			);
			runOnlyForDeploymentPostprocessing = 0;
		};
/* End PBXSourcesBuildPhase section */

/* Begin PBXVariantGroup section */
		7D263A052C02EF44008A8F4F /* Main.storyboard */ = {
			isa = PBXVariantGroup;
			children = (
				7D263A062C02EF44008A8F4F /* Base */,
			);
			name = Main.storyboard;
			sourceTree = "<group>";
		};
		7D263A0A2C02EF46008A8F4F /* LaunchScreen.storyboard */ = {
			isa = PBXVariantGroup;
			children = (
				7D263A0B2C02EF46008A8F4F /* Base */,
			);
			name = LaunchScreen.storyboard;
			sourceTree = "<group>";
		};
/* End PBXVariantGroup section */

/* Begin XCBuildConfiguration section */
		7D263A0E2C02EF46008A8F4F /* Debug */ = {
			isa = XCBuildConfiguration;
			buildSettings = {
				ALWAYS_SEARCH_USER_PATHS = NO;
				ASSETCATALOG_COMPILER_GENERATE_SWIFT_ASSET_SYMBOL_EXTENSIONS = YES;
				CLANG_ANALYZER_NONNULL = YES;
				CLANG_ANALYZER_NUMBER_OBJECT_CONVERSION = YES_AGGRESSIVE;
				CLANG_CXX_LANGUAGE_STANDARD = "gnu++20";
				CLANG_ENABLE_MODULES = YES;
				CLANG_ENABLE_OBJC_ARC = YES;
				CLANG_ENABLE_OBJC_WEAK = YES;
				CLANG_WARN_BLOCK_CAPTURE_AUTORELEASING = YES;
				CLANG_WARN_BOOL_CONVERSION = YES;
				CLANG_WARN_COMMA = YES;
				CLANG_WARN_CONSTANT_CONVERSION = YES;
				CLANG_WARN_DEPRECATED_OBJC_IMPLEMENTATIONS = YES;
				CLANG_WARN_DIRECT_OBJC_ISA_USAGE = YES_ERROR;
				CLANG_WARN_DOCUMENTATION_COMMENTS = YES;
				CLANG_WARN_EMPTY_BODY = YES;
				CLANG_WARN_ENUM_CONVERSION = YES;
				CLANG_WARN_INFINITE_RECURSION = YES;
				CLANG_WARN_INT_CONVERSION = YES;
				CLANG_WARN_NON_LITERAL_NULL_CONVERSION = YES;
				CLANG_WARN_OBJC_IMPLICIT_RETAIN_SELF = YES;
				CLANG_WARN_OBJC_LITERAL_CONVERSION = YES;
				CLANG_WARN_OBJC_ROOT_CLASS = YES_ERROR;
				CLANG_WARN_QUOTED_INCLUDE_IN_FRAMEWORK_HEADER = YES;
				CLANG_WARN_RANGE_LOOP_ANALYSIS = YES;
				CLANG_WARN_STRICT_PROTOTYPES = YES;
				CLANG_WARN_SUSPICIOUS_MOVE = YES;
				CLANG_WARN_UNGUARDED_AVAILABILITY = YES_AGGRESSIVE;
				CLANG_WARN_UNREACHABLE_CODE = YES;
				CLANG_WARN__DUPLICATE_METHOD_MATCH = YES;
				COPY_PHASE_STRIP = NO;
				DEBUG_INFORMATION_FORMAT = dwarf;
				ENABLE_STRICT_OBJC_MSGSEND = YES;
				ENABLE_TESTABILITY = YES;
				ENABLE_USER_SCRIPT_SANDBOXING = YES;
				GCC_C_LANGUAGE_STANDARD = gnu17;
				GCC_DYNAMIC_NO_PIC = NO;
				GCC_NO_COMMON_BLOCKS = YES;
				GCC_OPTIMIZATION_LEVEL = 0;
				GCC_PREPROCESSOR_DEFINITIONS = (
					"DEBUG=1",
					"$(inherited)",
				);
				GCC_WARN_64_TO_32_BIT_CONVERSION = YES;
				GCC_WARN_ABOUT_RETURN_TYPE = YES_ERROR;
				GCC_WARN_UNDECLARED_SELECTOR = YES;
				GCC_WARN_UNINITIALIZED_AUTOS = YES_AGGRESSIVE;
				GCC_WARN_UNUSED_FUNCTION = YES;
				GCC_WARN_UNUSED_VARIABLE = YES;
				IPHONEOS_DEPLOYMENT_TARGET = 17.4;
				LOCALIZATION_PREFERS_STRING_CATALOGS = YES;
				MTL_ENABLE_DEBUG_INFO = INCLUDE_SOURCE;
				MTL_FAST_MATH = YES;
				ONLY_ACTIVE_ARCH = YES;
				SDKROOT = iphoneos;
				SWIFT_ACTIVE_COMPILATION_CONDITIONS = "DEBUG $(inherited)";
				SWIFT_OPTIMIZATION_LEVEL = "-Onone";
			};
			name = Debug;
		};
		7D263A0F2C02EF46008A8F4F /* Release */ = {
			isa = XCBuildConfiguration;
			buildSettings = {
				ALWAYS_SEARCH_USER_PATHS = NO;
				ASSETCATALOG_COMPILER_GENERATE_SWIFT_ASSET_SYMBOL_EXTENSIONS = YES;
				CLANG_ANALYZER_NONNULL = YES;
				CLANG_ANALYZER_NUMBER_OBJECT_CONVERSION = YES_AGGRESSIVE;
				CLANG_CXX_LANGUAGE_STANDARD = "gnu++20";
				CLANG_ENABLE_MODULES = YES;
				CLANG_ENABLE_OBJC_ARC = YES;
				CLANG_ENABLE_OBJC_WEAK = YES;
				CLANG_WARN_BLOCK_CAPTURE_AUTORELEASING = YES;
				CLANG_WARN_BOOL_CONVERSION = YES;
				CLANG_WARN_COMMA = YES;
				CLANG_WARN_CONSTANT_CONVERSION = YES;
				CLANG_WARN_DEPRECATED_OBJC_IMPLEMENTATIONS = YES;
				CLANG_WARN_DIRECT_OBJC_ISA_USAGE = YES_ERROR;
				CLANG_WARN_DOCUMENTATION_COMMENTS = YES;
				CLANG_WARN_EMPTY_BODY = YES;
				CLANG_WARN_ENUM_CONVERSION = YES;
				CLANG_WARN_INFINITE_RECURSION = YES;
				CLANG_WARN_INT_CONVERSION = YES;
				CLANG_WARN_NON_LITERAL_NULL_CONVERSION = YES;
				CLANG_WARN_OBJC_IMPLICIT_RETAIN_SELF = YES;
				CLANG_WARN_OBJC_LITERAL_CONVERSION = YES;
				CLANG_WARN_OBJC_ROOT_CLASS = YES_ERROR;
				CLANG_WARN_QUOTED_INCLUDE_IN_FRAMEWORK_HEADER = YES;
				CLANG_WARN_RANGE_LOOP_ANALYSIS = YES;
				CLANG_WARN_STRICT_PROTOTYPES = YES;
				CLANG_WARN_SUSPICIOUS_MOVE = YES;
				CLANG_WARN_UNGUARDED_AVAILABILITY = YES_AGGRESSIVE;
				CLANG_WARN_UNREACHABLE_CODE = YES;
				CLANG_WARN__DUPLICATE_METHOD_MATCH = YES;
				COPY_PHASE_STRIP = NO;
				DEBUG_INFORMATION_FORMAT = "dwarf-with-dsym";
				ENABLE_NS_ASSERTIONS = NO;
				ENABLE_STRICT_OBJC_MSGSEND = YES;
				ENABLE_USER_SCRIPT_SANDBOXING = YES;
				GCC_C_LANGUAGE_STANDARD = gnu17;
				GCC_NO_COMMON_BLOCKS = YES;
				GCC_WARN_64_TO_32_BIT_CONVERSION = YES;
				GCC_WARN_ABOUT_RETURN_TYPE = YES_ERROR;
				GCC_WARN_UNDECLARED_SELECTOR = YES;
				GCC_WARN_UNINITIALIZED_AUTOS = YES_AGGRESSIVE;
				GCC_WARN_UNUSED_FUNCTION = YES;
				GCC_WARN_UNUSED_VARIABLE = YES;
				IPHONEOS_DEPLOYMENT_TARGET = 17.4;
				LOCALIZATION_PREFERS_STRING_CATALOGS = YES;
				MTL_ENABLE_DEBUG_INFO = NO;
				MTL_FAST_MATH = YES;
				SDKROOT = iphoneos;
				SWIFT_COMPILATION_MODE = wholemodule;
				VALIDATE_PRODUCT = YES;
			};
			name = Release;
		};
		7D263A112C02EF46008A8F4F /* Debug */ = {
			isa = XCBuildConfiguration;
			buildSettings = {
				ASSETCATALOG_COMPILER_APPICON_NAME = AppIcon;
				ASSETCATALOG_COMPILER_GLOBAL_ACCENT_COLOR_NAME = AccentColor;
				CODE_SIGN_STYLE = Automatic;
				CURRENT_PROJECT_VERSION = 1;
				DEVELOPMENT_TEAM = 5B4DDA3JD6;
				GENERATE_INFOPLIST_FILE = YES;
				INFOPLIST_FILE = TravelPlatform/Info.plist;
				INFOPLIST_KEY_UIApplicationSupportsIndirectInputEvents = YES;
				INFOPLIST_KEY_UILaunchStoryboardName = LaunchScreen;
				INFOPLIST_KEY_UIMainStoryboardFile = Main;
				INFOPLIST_KEY_UISupportedInterfaceOrientations_iPad = "UIInterfaceOrientationPortrait UIInterfaceOrientationPortraitUpsideDown UIInterfaceOrientationLandscapeLeft UIInterfaceOrientationLandscapeRight";
				INFOPLIST_KEY_UISupportedInterfaceOrientations_iPhone = "UIInterfaceOrientationPortrait UIInterfaceOrientationLandscapeLeft UIInterfaceOrientationLandscapeRight";
				LD_RUNPATH_SEARCH_PATHS = (
					"$(inherited)",
					"@executable_path/Frameworks",
				);
				MARKETING_VERSION = 1.0;
				PRODUCT_BUNDLE_IDENTIFIER = com.yeonju.TravelPlatform;
				PRODUCT_NAME = "$(TARGET_NAME)";
				SUPPORTED_PLATFORMS = "iphoneos iphonesimulator";
				SUPPORTS_MACCATALYST = NO;
				SUPPORTS_MAC_DESIGNED_FOR_IPHONE_IPAD = NO;
				SUPPORTS_XR_DESIGNED_FOR_IPHONE_IPAD = NO;
				SWIFT_EMIT_LOC_STRINGS = YES;
				SWIFT_VERSION = 5.0;
				TARGETED_DEVICE_FAMILY = 1;
			};
			name = Debug;
		};
		7D263A122C02EF46008A8F4F /* Release */ = {
			isa = XCBuildConfiguration;
			buildSettings = {
				ASSETCATALOG_COMPILER_APPICON_NAME = AppIcon;
				ASSETCATALOG_COMPILER_GLOBAL_ACCENT_COLOR_NAME = AccentColor;
				CODE_SIGN_STYLE = Automatic;
				CURRENT_PROJECT_VERSION = 1;
				DEVELOPMENT_TEAM = 5B4DDA3JD6;
				GENERATE_INFOPLIST_FILE = YES;
				INFOPLIST_FILE = TravelPlatform/Info.plist;
				INFOPLIST_KEY_UIApplicationSupportsIndirectInputEvents = YES;
				INFOPLIST_KEY_UILaunchStoryboardName = LaunchScreen;
				INFOPLIST_KEY_UIMainStoryboardFile = Main;
				INFOPLIST_KEY_UISupportedInterfaceOrientations_iPad = "UIInterfaceOrientationPortrait UIInterfaceOrientationPortraitUpsideDown UIInterfaceOrientationLandscapeLeft UIInterfaceOrientationLandscapeRight";
				INFOPLIST_KEY_UISupportedInterfaceOrientations_iPhone = "UIInterfaceOrientationPortrait UIInterfaceOrientationLandscapeLeft UIInterfaceOrientationLandscapeRight";
				LD_RUNPATH_SEARCH_PATHS = (
					"$(inherited)",
					"@executable_path/Frameworks",
				);
				MARKETING_VERSION = 1.0;
				PRODUCT_BUNDLE_IDENTIFIER = com.yeonju.TravelPlatform;
				PRODUCT_NAME = "$(TARGET_NAME)";
				SUPPORTED_PLATFORMS = "iphoneos iphonesimulator";
				SUPPORTS_MACCATALYST = NO;
				SUPPORTS_MAC_DESIGNED_FOR_IPHONE_IPAD = NO;
				SUPPORTS_XR_DESIGNED_FOR_IPHONE_IPAD = NO;
				SWIFT_EMIT_LOC_STRINGS = YES;
				SWIFT_VERSION = 5.0;
				TARGETED_DEVICE_FAMILY = 1;
			};
			name = Release;
		};
/* End XCBuildConfiguration section */

/* Begin XCConfigurationList section */
		7D2639F72C02EF44008A8F4F /* Build configuration list for PBXProject "TravelPlatform" */ = {
			isa = XCConfigurationList;
			buildConfigurations = (
				7D263A0E2C02EF46008A8F4F /* Debug */,
				7D263A0F2C02EF46008A8F4F /* Release */,
			);
			defaultConfigurationIsVisible = 0;
			defaultConfigurationName = Release;
		};
		7D263A102C02EF46008A8F4F /* Build configuration list for PBXNativeTarget "TravelPlatform" */ = {
			isa = XCConfigurationList;
			buildConfigurations = (
				7D263A112C02EF46008A8F4F /* Debug */,
				7D263A122C02EF46008A8F4F /* Release */,
			);
			defaultConfigurationIsVisible = 0;
			defaultConfigurationName = Release;
		};
/* End XCConfigurationList section */

/* Begin XCRemoteSwiftPackageReference section */
		7D263A1F2C03033B008A8F4F /* XCRemoteSwiftPackageReference "Kingfisher" */ = {
			isa = XCRemoteSwiftPackageReference;
			repositoryURL = "https://github.com/onevcat/Kingfisher.git";
			requirement = {
				kind = upToNextMajorVersion;
				minimumVersion = 7.11.0;
			};
		};
		7D263A6B2C049978008A8F4F /* XCRemoteSwiftPackageReference "Cosmos" */ = {
			isa = XCRemoteSwiftPackageReference;
			repositoryURL = "https://github.com/evgenyneu/Cosmos.git";
			requirement = {
				kind = upToNextMajorVersion;
				minimumVersion = 25.0.1;
			};
		};
/* End XCRemoteSwiftPackageReference section */

/* Begin XCSwiftPackageProductDependency section */
		7D263A202C03033B008A8F4F /* Kingfisher */ = {
			isa = XCSwiftPackageProductDependency;
			package = 7D263A1F2C03033B008A8F4F /* XCRemoteSwiftPackageReference "Kingfisher" */;
			productName = Kingfisher;
		};
		7D263A6C2C049978008A8F4F /* Cosmos */ = {
			isa = XCSwiftPackageProductDependency;
			package = 7D263A6B2C049978008A8F4F /* XCRemoteSwiftPackageReference "Cosmos" */;
			productName = Cosmos;
		};
/* End XCSwiftPackageProductDependency section */
	};
	rootObject = 7D2639F42C02EF44008A8F4F /* Project object */;
}
